// !$*UTF8*$!
{
	archiveVersion = 1;
	classes = {
	};
	objectVersion = 46;
	objects = {

/* Begin PBXBuildFile section */
		5AE3747B1287F3CB30BD192B /* Pods_Willer.framework in Frameworks */ = {isa = PBXBuildFile; fileRef = 372F206E252478FFC6AE7009 /* Pods_Willer.framework */; };
		A54CC81F1DC2597700877BE6 /* OrderViewController.swift in Sources */ = {isa = PBXBuildFile; fileRef = A54CC81E1DC2597700877BE6 /* OrderViewController.swift */; };
		A5A460EE1DC261DB007F1A05 /* SetViewController.swift in Sources */ = {isa = PBXBuildFile; fileRef = A5A460ED1DC261DB007F1A05 /* SetViewController.swift */; };
		A5A460F01DC261EB007F1A05 /* PickViewController.swift in Sources */ = {isa = PBXBuildFile; fileRef = A5A460EF1DC261EB007F1A05 /* PickViewController.swift */; };
		A5A460F21DC2659F007F1A05 /* PlayViewController.swift in Sources */ = {isa = PBXBuildFile; fileRef = A5A460F11DC2659F007F1A05 /* PlayViewController.swift */; };
		A5E8B6B01DBAD9A700DCA56A /* AppDelegate.swift in Sources */ = {isa = PBXBuildFile; fileRef = A5E8B6AF1DBAD9A700DCA56A /* AppDelegate.swift */; };
		A5E8B6B21DBAD9A700DCA56A /* HomeViewController.swift in Sources */ = {isa = PBXBuildFile; fileRef = A5E8B6B11DBAD9A700DCA56A /* HomeViewController.swift */; };
		A5E8B6B51DBAD9A700DCA56A /* Main.storyboard in Resources */ = {isa = PBXBuildFile; fileRef = A5E8B6B31DBAD9A700DCA56A /* Main.storyboard */; };
		A5E8B6B71DBAD9A700DCA56A /* Assets.xcassets in Resources */ = {isa = PBXBuildFile; fileRef = A5E8B6B61DBAD9A700DCA56A /* Assets.xcassets */; };
/* End PBXBuildFile section */

/* Begin PBXFileReference section */
		372F206E252478FFC6AE7009 /* Pods_Willer.framework */ = {isa = PBXFileReference; explicitFileType = wrapper.framework; includeInIndex = 0; path = Pods_Willer.framework; sourceTree = BUILT_PRODUCTS_DIR; };
		3B3ACD283320DC8695B124C3 /* Pods-Willer.debug.xcconfig */ = {isa = PBXFileReference; includeInIndex = 1; lastKnownFileType = text.xcconfig; name = "Pods-Willer.debug.xcconfig"; path = "Pods/Target Support Files/Pods-Willer/Pods-Willer.debug.xcconfig"; sourceTree = "<group>"; };
		A54CC81E1DC2597700877BE6 /* OrderViewController.swift */ = {isa = PBXFileReference; fileEncoding = 4; lastKnownFileType = sourcecode.swift; path = OrderViewController.swift; sourceTree = "<group>"; };
		A5A460ED1DC261DB007F1A05 /* SetViewController.swift */ = {isa = PBXFileReference; fileEncoding = 4; lastKnownFileType = sourcecode.swift; path = SetViewController.swift; sourceTree = "<group>"; };
		A5A460EF1DC261EB007F1A05 /* PickViewController.swift */ = {isa = PBXFileReference; fileEncoding = 4; lastKnownFileType = sourcecode.swift; path = PickViewController.swift; sourceTree = "<group>"; };
		A5A460F11DC2659F007F1A05 /* PlayViewController.swift */ = {isa = PBXFileReference; fileEncoding = 4; lastKnownFileType = sourcecode.swift; path = PlayViewController.swift; sourceTree = "<group>"; };
		A5E8B6AC1DBAD9A700DCA56A /* Willer.app */ = {isa = PBXFileReference; explicitFileType = wrapper.application; includeInIndex = 0; path = Willer.app; sourceTree = BUILT_PRODUCTS_DIR; };
		A5E8B6AF1DBAD9A700DCA56A /* AppDelegate.swift */ = {isa = PBXFileReference; lastKnownFileType = sourcecode.swift; path = AppDelegate.swift; sourceTree = "<group>"; };
		A5E8B6B11DBAD9A700DCA56A /* HomeViewController.swift */ = {isa = PBXFileReference; lastKnownFileType = sourcecode.swift; path = HomeViewController.swift; sourceTree = "<group>"; };
		A5E8B6B41DBAD9A700DCA56A /* Base */ = {isa = PBXFileReference; lastKnownFileType = file.storyboard; name = Base; path = Base.lproj/Main.storyboard; sourceTree = "<group>"; };
		A5E8B6B61DBAD9A700DCA56A /* Assets.xcassets */ = {isa = PBXFileReference; lastKnownFileType = folder.assetcatalog; path = Assets.xcassets; sourceTree = "<group>"; };
		A5E8B6BB1DBAD9A700DCA56A /* Info.plist */ = {isa = PBXFileReference; lastKnownFileType = text.plist.xml; path = Info.plist; sourceTree = "<group>"; };
		B8AAAF3D72AF8C2064F44B4D /* Pods-Willer.release.xcconfig */ = {isa = PBXFileReference; includeInIndex = 1; lastKnownFileType = text.xcconfig; name = "Pods-Willer.release.xcconfig"; path = "Pods/Target Support Files/Pods-Willer/Pods-Willer.release.xcconfig"; sourceTree = "<group>"; };
/* End PBXFileReference section */

/* Begin PBXFrameworksBuildPhase section */
		A5E8B6A91DBAD9A700DCA56A /* Frameworks */ = {
			isa = PBXFrameworksBuildPhase;
			buildActionMask = 2147483647;
			files = (
				5AE3747B1287F3CB30BD192B /* Pods_Willer.framework in Frameworks */,
			);
			runOnlyForDeploymentPostprocessing = 0;
		};
/* End PBXFrameworksBuildPhase section */

/* Begin PBXGroup section */
		2619C5C174524732BE362C57 /* Pods */ = {
			isa = PBXGroup;
			children = (
				3B3ACD283320DC8695B124C3 /* Pods-Willer.debug.xcconfig */,
				B8AAAF3D72AF8C2064F44B4D /* Pods-Willer.release.xcconfig */,
			);
			name = Pods;
			sourceTree = "<group>";
		};
		9F544429DE6BF462FE00C513 /* Frameworks */ = {
			isa = PBXGroup;
			children = (
				372F206E252478FFC6AE7009 /* Pods_Willer.framework */,
			);
			name = Frameworks;
			sourceTree = "<group>";
		};
		A54CC8171DC1E77600877BE6 /* Supporting Files */ = {
			isa = PBXGroup;
			children = (
				A5E8B6BB1DBAD9A700DCA56A /* Info.plist */,
			);
			name = "Supporting Files";
			sourceTree = "<group>";
		};
		A54CC8181DC1E82000877BE6 /* Resources */ = {
			isa = PBXGroup;
			children = (
				A5E8B6B61DBAD9A700DCA56A /* Assets.xcassets */,
				A5E8B6B31DBAD9A700DCA56A /* Main.storyboard */,
			);
			name = Resources;
			sourceTree = "<group>";
		};
		A54CC81A1DC256DD00877BE6 /* ViewControllers */ = {
			isa = PBXGroup;
			children = (
				A5E8B6B11DBAD9A700DCA56A /* HomeViewController.swift */,
				A54CC81E1DC2597700877BE6 /* OrderViewController.swift */,
				A5A460ED1DC261DB007F1A05 /* SetViewController.swift */,
				A5A460EF1DC261EB007F1A05 /* PickViewController.swift */,
				A5A460F11DC2659F007F1A05 /* PlayViewController.swift */,
			);
			name = ViewControllers;
			sourceTree = "<group>";
		};
		A54CC81B1DC256E400877BE6 /* Views */ = {
			isa = PBXGroup;
			children = (
			);
			name = Views;
			sourceTree = "<group>";
		};
		A54CC81C1DC256F000877BE6 /* Managers */ = {
			isa = PBXGroup;
			children = (
			);
			name = Managers;
			sourceTree = "<group>";
		};
		A54CC81D1DC2573100877BE6 /* Models */ = {
			isa = PBXGroup;
			children = (
			);
			name = Models;
			sourceTree = "<group>";
		};
		A5E8B6A31DBAD9A700DCA56A = {
			isa = PBXGroup;
			children = (
				A5E8B6AE1DBAD9A700DCA56A /* Willer */,
				A5E8B6AD1DBAD9A700DCA56A /* Products */,
				2619C5C174524732BE362C57 /* Pods */,
				9F544429DE6BF462FE00C513 /* Frameworks */,
			);
			sourceTree = "<group>";
		};
		A5E8B6AD1DBAD9A700DCA56A /* Products */ = {
			isa = PBXGroup;
			children = (
				A5E8B6AC1DBAD9A700DCA56A /* Willer.app */,
			);
			name = Products;
			sourceTree = "<group>";
		};
		A5E8B6AE1DBAD9A700DCA56A /* Willer */ = {
			isa = PBXGroup;
			children = (
				A5E8B6AF1DBAD9A700DCA56A /* AppDelegate.swift */,
				A54CC81B1DC256E400877BE6 /* Views */,
				A54CC81A1DC256DD00877BE6 /* ViewControllers */,
				A54CC81C1DC256F000877BE6 /* Managers */,
				A54CC81D1DC2573100877BE6 /* Models */,
				A54CC8181DC1E82000877BE6 /* Resources */,
				A54CC8171DC1E77600877BE6 /* Supporting Files */,
			);
			path = Willer;
			sourceTree = "<group>";
		};
/* End PBXGroup section */

/* Begin PBXNativeTarget section */
		A5E8B6AB1DBAD9A700DCA56A /* Willer */ = {
			isa = PBXNativeTarget;
			buildConfigurationList = A5E8B6BE1DBAD9A700DCA56A /* Build configuration list for PBXNativeTarget "Willer" */;
			buildPhases = (
				CD5B778F1BDA3BF836C8BB96 /* [CP] Check Pods Manifest.lock */,
				A5E8B6A81DBAD9A700DCA56A /* Sources */,
				A5E8B6A91DBAD9A700DCA56A /* Frameworks */,
				A5E8B6AA1DBAD9A700DCA56A /* Resources */,
				A54CC8191DC1EAAF00877BE6 /* Increment Build */,
				2DD76D2057B7D2FFB1A4058B /* [CP] Embed Pods Frameworks */,
				18B5C5B727B8B279012D9811 /* [CP] Copy Pods Resources */,
			);
			buildRules = (
			);
			dependencies = (
			);
			name = Willer;
			productName = Willer;
			productReference = A5E8B6AC1DBAD9A700DCA56A /* Willer.app */;
			productType = "com.apple.product-type.application";
		};
/* End PBXNativeTarget section */

/* Begin PBXProject section */
		A5E8B6A41DBAD9A700DCA56A /* Project object */ = {
			isa = PBXProject;
			attributes = {
				LastSwiftUpdateCheck = 0800;
				LastUpgradeCheck = 0810;
				ORGANIZATIONNAME = "Chuan Ren";
				TargetAttributes = {
					A5E8B6AB1DBAD9A700DCA56A = {
						CreatedOnToolsVersion = 8.0;
						DevelopmentTeam = N9KJV72CSL;
						ProvisioningStyle = Automatic;
					};
				};
			};
			buildConfigurationList = A5E8B6A71DBAD9A700DCA56A /* Build configuration list for PBXProject "Willer" */;
			compatibilityVersion = "Xcode 3.2";
			developmentRegion = English;
			hasScannedForEncodings = 0;
			knownRegions = (
				en,
				Base,
			);
			mainGroup = A5E8B6A31DBAD9A700DCA56A;
			productRefGroup = A5E8B6AD1DBAD9A700DCA56A /* Products */;
			projectDirPath = "";
			projectRoot = "";
			targets = (
				A5E8B6AB1DBAD9A700DCA56A /* Willer */,
			);
		};
/* End PBXProject section */

/* Begin PBXResourcesBuildPhase section */
		A5E8B6AA1DBAD9A700DCA56A /* Resources */ = {
			isa = PBXResourcesBuildPhase;
			buildActionMask = 2147483647;
			files = (
				A5E8B6B71DBAD9A700DCA56A /* Assets.xcassets in Resources */,
				A5E8B6B51DBAD9A700DCA56A /* Main.storyboard in Resources */,
			);
			runOnlyForDeploymentPostprocessing = 0;
		};
/* End PBXResourcesBuildPhase section */

/* Begin PBXShellScriptBuildPhase section */
		18B5C5B727B8B279012D9811 /* [CP] Copy Pods Resources */ = {
			isa = PBXShellScriptBuildPhase;
			buildActionMask = 2147483647;
			files = (
			);
			inputPaths = (
			);
			name = "[CP] Copy Pods Resources";
			outputPaths = (
			);
			runOnlyForDeploymentPostprocessing = 0;
			shellPath = /bin/sh;
			shellScript = "\"${SRCROOT}/Pods/Target Support Files/Pods-Willer/Pods-Willer-resources.sh\"\n";
			showEnvVarsInLog = 0;
		};
		2DD76D2057B7D2FFB1A4058B /* [CP] Embed Pods Frameworks */ = {
			isa = PBXShellScriptBuildPhase;
			buildActionMask = 2147483647;
			files = (
			);
			inputPaths = (
			);
			name = "[CP] Embed Pods Frameworks";
			outputPaths = (
			);
			runOnlyForDeploymentPostprocessing = 0;
			shellPath = /bin/sh;
			shellScript = "\"${SRCROOT}/Pods/Target Support Files/Pods-Willer/Pods-Willer-frameworks.sh\"\n";
			showEnvVarsInLog = 0;
		};
		A54CC8191DC1EAAF00877BE6 /* Increment Build */ = {
			isa = PBXShellScriptBuildPhase;
			buildActionMask = 2147483647;
			files = (
			);
			inputPaths = (
			);
			name = "Increment Build";
			outputPaths = (
			);
			runOnlyForDeploymentPostprocessing = 0;
			shellPath = /bin/sh;
			shellScript = "buildNumber=$(/usr/libexec/PlistBuddy -c \"Print CFBundleVersion\" \"${PROJECT_DIR}/${INFOPLIST_FILE}\")\nbuildNumber=$(($buildNumber + 1))\n/usr/libexec/PlistBuddy -c \"Set :CFBundleVersion $buildNumber\" \"${PROJECT_DIR}/${INFOPLIST_FILE}\"";
		};
		CD5B778F1BDA3BF836C8BB96 /* [CP] Check Pods Manifest.lock */ = {
			isa = PBXShellScriptBuildPhase;
			buildActionMask = 2147483647;
			files = (
			);
			inputPaths = (
			);
			name = "[CP] Check Pods Manifest.lock";
			outputPaths = (
			);
			runOnlyForDeploymentPostprocessing = 0;
			shellPath = /bin/sh;
			shellScript = "diff \"${PODS_ROOT}/../Podfile.lock\" \"${PODS_ROOT}/Manifest.lock\" > /dev/null\nif [ $? != 0 ] ; then\n    # print error to STDERR\n    echo \"error: The sandbox is not in sync with the Podfile.lock. Run 'pod install' or update your CocoaPods installation.\" >&2\n    exit 1\nfi\n";
			showEnvVarsInLog = 0;
		};
/* End PBXShellScriptBuildPhase section */

/* Begin PBXSourcesBuildPhase section */
		A5E8B6A81DBAD9A700DCA56A /* Sources */ = {
			isa = PBXSourcesBuildPhase;
			buildActionMask = 2147483647;
			files = (
				A5A460EE1DC261DB007F1A05 /* SetViewController.swift in Sources */,
				A5E8B6B21DBAD9A700DCA56A /* HomeViewController.swift in Sources */,
				A5E8B6B01DBAD9A700DCA56A /* AppDelegate.swift in Sources */,
				A5A460F01DC261EB007F1A05 /* PickViewController.swift in Sources */,
				A5A460F21DC2659F007F1A05 /* PlayViewController.swift in Sources */,
				A54CC81F1DC2597700877BE6 /* OrderViewController.swift in Sources */,
			);
			runOnlyForDeploymentPostprocessing = 0;
		};
/* End PBXSourcesBuildPhase section */

/* Begin PBXVariantGroup section */
		A5E8B6B31DBAD9A700DCA56A /* Main.storyboard */ = {
			isa = PBXVariantGroup;
			children = (
				A5E8B6B41DBAD9A700DCA56A /* Base */,
			);
			name = Main.storyboard;
			sourceTree = "<group>";
		};
/* End PBXVariantGroup section */

/* Begin XCBuildConfiguration section */
		A5E8B6BC1DBAD9A700DCA56A /* Debug */ = {
			isa = XCBuildConfiguration;
			buildSettings = {
				ALWAYS_SEARCH_USER_PATHS = NO;
				CLANG_ANALYZER_NONNULL = YES;
				CLANG_CXX_LANGUAGE_STANDARD = "gnu++0x";
				CLANG_CXX_LIBRARY = "libc++";
				CLANG_ENABLE_MODULES = YES;
				CLANG_ENABLE_OBJC_ARC = YES;
				CLANG_WARN_BOOL_CONVERSION = YES;
				CLANG_WARN_CONSTANT_CONVERSION = YES;
				CLANG_WARN_DIRECT_OBJC_ISA_USAGE = YES_ERROR;
				CLANG_WARN_DOCUMENTATION_COMMENTS = YES;
				CLANG_WARN_EMPTY_BODY = YES;
				CLANG_WARN_ENUM_CONVERSION = YES;
				CLANG_WARN_INFINITE_RECURSION = YES;
				CLANG_WARN_INT_CONVERSION = YES;
				CLANG_WARN_OBJC_ROOT_CLASS = YES_ERROR;
				CLANG_WARN_SUSPICIOUS_MOVE = YES;
				CLANG_WARN_SUSPICIOUS_MOVES = YES;
				CLANG_WARN_UNREACHABLE_CODE = YES;
				CLANG_WARN__DUPLICATE_METHOD_MATCH = YES;
				"CODE_SIGN_IDENTITY[sdk=iphoneos*]" = "iPhone Developer";
				COPY_PHASE_STRIP = NO;
				DEBUG_INFORMATION_FORMAT = dwarf;
				ENABLE_STRICT_OBJC_MSGSEND = YES;
				ENABLE_TESTABILITY = YES;
				GCC_C_LANGUAGE_STANDARD = gnu99;
				GCC_DYNAMIC_NO_PIC = NO;
				GCC_NO_COMMON_BLOCKS = YES;
				GCC_OPTIMIZATION_LEVEL = 0;
				GCC_PREPROCESSOR_DEFINITIONS = (
					"DEBUG=1",
					"$(inherited)",
				);
				GCC_WARN_64_TO_32_BIT_CONVERSION = YES;
				GCC_WARN_ABOUT_RETURN_TYPE = YES_ERROR;
				GCC_WARN_UNDECLARED_SELECTOR = YES;
				GCC_WARN_UNINITIALIZED_AUTOS = YES_AGGRESSIVE;
				GCC_WARN_UNUSED_FUNCTION = YES;
				GCC_WARN_UNUSED_VARIABLE = YES;
				IPHONEOS_DEPLOYMENT_TARGET = 10.0;
				MTL_ENABLE_DEBUG_INFO = YES;
				ONLY_ACTIVE_ARCH = YES;
				SDKROOT = iphoneos;
				SWIFT_ACTIVE_COMPILATION_CONDITIONS = DEBUG;
				SWIFT_OPTIMIZATION_LEVEL = "-Onone";
				TARGETED_DEVICE_FAMILY = "1,2";
			};
			name = Debug;
		};
		A5E8B6BD1DBAD9A700DCA56A /* Release */ = {
			isa = XCBuildConfiguration;
			buildSettings = {
				ALWAYS_SEARCH_USER_PATHS = NO;
				CLANG_ANALYZER_NONNULL = YES;
				CLANG_CXX_LANGUAGE_STANDARD = "gnu++0x";
				CLANG_CXX_LIBRARY = "libc++";
				CLANG_ENABLE_MODULES = YES;
				CLANG_ENABLE_OBJC_ARC = YES;
				CLANG_WARN_BOOL_CONVERSION = YES;
				CLANG_WARN_CONSTANT_CONVERSION = YES;
				CLANG_WARN_DIRECT_OBJC_ISA_USAGE = YES_ERROR;
				CLANG_WARN_DOCUMENTATION_COMMENTS = YES;
				CLANG_WARN_EMPTY_BODY = YES;
				CLANG_WARN_ENUM_CONVERSION = YES;
				CLANG_WARN_INFINITE_RECURSION = YES;
				CLANG_WARN_INT_CONVERSION = YES;
				CLANG_WARN_OBJC_ROOT_CLASS = YES_ERROR;
				CLANG_WARN_SUSPICIOUS_MOVE = YES;
				CLANG_WARN_SUSPICIOUS_MOVES = YES;
				CLANG_WARN_UNREACHABLE_CODE = YES;
				CLANG_WARN__DUPLICATE_METHOD_MATCH = YES;
				"CODE_SIGN_IDENTITY[sdk=iphoneos*]" = "iPhone Developer";
				COPY_PHASE_STRIP = NO;
				DEBUG_INFORMATION_FORMAT = "dwarf-with-dsym";
				ENABLE_NS_ASSERTIONS = NO;
				ENABLE_STRICT_OBJC_MSGSEND = YES;
				GCC_C_LANGUAGE_STANDARD = gnu99;
				GCC_NO_COMMON_BLOCKS = YES;
				GCC_WARN_64_TO_32_BIT_CONVERSION = YES;
				GCC_WARN_ABOUT_RETURN_TYPE = YES_ERROR;
				GCC_WARN_UNDECLARED_SELECTOR = YES;
				GCC_WARN_UNINITIALIZED_AUTOS = YES_AGGRESSIVE;
				GCC_WARN_UNUSED_FUNCTION = YES;
				GCC_WARN_UNUSED_VARIABLE = YES;
				IPHONEOS_DEPLOYMENT_TARGET = 10.0;
				MTL_ENABLE_DEBUG_INFO = NO;
				SDKROOT = iphoneos;
				SWIFT_OPTIMIZATION_LEVEL = "-Owholemodule";
				TARGETED_DEVICE_FAMILY = "1,2";
				VALIDATE_PRODUCT = YES;
			};
			name = Release;
		};
		A5E8B6BF1DBAD9A700DCA56A /* Debug */ = {
			isa = XCBuildConfiguration;
			baseConfigurationReference = 3B3ACD283320DC8695B124C3 /* Pods-Willer.debug.xcconfig */;
			buildSettings = {
				ASSETCATALOG_COMPILER_APPICON_NAME = AppIcon;
				DEVELOPMENT_TEAM = N9KJV72CSL;
				INFOPLIST_FILE = Willer/Info.plist;
				LD_RUNPATH_SEARCH_PATHS = "$(inherited) @executable_path/Frameworks";
				PRODUCT_BUNDLE_IDENTIFIER = me.chuanren.willer;
				PRODUCT_NAME = "$(TARGET_NAME)";
				SWIFT_VERSION = 3.0;
				TARGETED_DEVICE_FAMILY = 1;
			};
			name = Debug;
		};
		A5E8B6C01DBAD9A700DCA56A /* Release */ = {
			isa = XCBuildConfiguration;
			baseConfigurationReference = B8AAAF3D72AF8C2064F44B4D /* Pods-Willer.release.xcconfig */;
			buildSettings = {
				ASSETCATALOG_COMPILER_APPICON_NAME = AppIcon;
				DEVELOPMENT_TEAM = N9KJV72CSL;
				INFOPLIST_FILE = Willer/Info.plist;
				LD_RUNPATH_SEARCH_PATHS = "$(inherited) @executable_path/Frameworks";
				PRODUCT_BUNDLE_IDENTIFIER = me.chuanren.willer;
				PRODUCT_NAME = "$(TARGET_NAME)";
				SWIFT_VERSION = 3.0;
				TARGETED_DEVICE_FAMILY = 1;
			};
			name = Release;
		};
/* End XCBuildConfiguration section */

/* Begin XCConfigurationList section */
		A5E8B6A71DBAD9A700DCA56A /* Build configuration list for PBXProject "Willer" */ = {
			isa = XCConfigurationList;
			buildConfigurations = (
				A5E8B6BC1DBAD9A700DCA56A /* Debug */,
				A5E8B6BD1DBAD9A700DCA56A /* Release */,
			);
			defaultConfigurationIsVisible = 0;
			defaultConfigurationName = Release;
		};
		A5E8B6BE1DBAD9A700DCA56A /* Build configuration list for PBXNativeTarget "Willer" */ = {
			isa = XCConfigurationList;
			buildConfigurations = (
				A5E8B6BF1DBAD9A700DCA56A /* Debug */,
				A5E8B6C01DBAD9A700DCA56A /* Release */,
			);
			defaultConfigurationIsVisible = 0;
			defaultConfigurationName = Release;
		};
/* End XCConfigurationList section */
	};
	rootObject = A5E8B6A41DBAD9A700DCA56A /* Project object */;
}
